<?xml version="1.0" encoding="utf-8"?>
<Project ToolsVersion="4.0" xmlns="http://schemas.microsoft.com/developer/msbuild/2003">
  <ItemGroup>
    <Filter Include="Contents">
      <UniqueIdentifier>{eee3c248-3814-48af-b1f4-f221fa7a0ee6}</UniqueIdentifier>
    </Filter>
    <Filter Include="Level">
      <UniqueIdentifier>{5df23444-ca8f-40f8-8c39-0d7d75f58b7d}</UniqueIdentifier>
    </Filter>
    <Filter Include="Actor">
      <UniqueIdentifier>{a3b1e0f8-0523-4b58-8f93-57039920db56}</UniqueIdentifier>
    </Filter>
    <Filter Include="Global">
      <UniqueIdentifier>{635c7acb-f4a4-4f8b-b02f-b45772517ef5}</UniqueIdentifier>
    </Filter>
    <Filter Include="Actor\Play">
      <UniqueIdentifier>{8436f372-72a0-477a-81eb-62b2bed98e9a}</UniqueIdentifier>
    </Filter>
    <Filter Include="Actor\Title">
      <UniqueIdentifier>{e310e5b2-5a77-4564-bf15-13857844aa87}</UniqueIdentifier>
    </Filter>
    <Filter Include="PreCompile">
      <UniqueIdentifier>{891d634d-8550-43e7-9d8d-c44f56ab4bfb}</UniqueIdentifier>
    </Filter>
    <Filter Include="Actor\Loading">
      <UniqueIdentifier>{ef751b17-2ed7-4ff3-ae63-d4d4c1a4a2b6}</UniqueIdentifier>
    </Filter>
    <Filter Include="Actor\Play\Stream">
      <UniqueIdentifier>{aee5c16c-5e2a-41e5-97ac-209c36ed73da}</UniqueIdentifier>
    </Filter>
    <Filter Include="Actor\Play\Line">
      <UniqueIdentifier>{05cfe7e9-637b-4491-bd56-6a523d74669c}</UniqueIdentifier>
    </Filter>
    <Filter Include="Actor\Play\tweet">
      <UniqueIdentifier>{bc96840d-2c2e-4fde-8106-b3c67b82489c}</UniqueIdentifier>
    </Filter>
  </ItemGroup>
  <ItemGroup>
    <ClInclude Include="ContentsCore.h">
      <Filter>Contents</Filter>
    </ClInclude>
    <ClInclude Include="Enums.h">
      <Filter>Global</Filter>
    </ClInclude>
    <ClInclude Include="LoadingLevel.h">
      <Filter>Level</Filter>
    </ClInclude>
    <ClInclude Include="PlayLevel.h">
      <Filter>Level</Filter>
    </ClInclude>
    <ClInclude Include="TitleLogo.h">
      <Filter>Actor\Title</Filter>
    </ClInclude>
    <ClInclude Include="PreCompile.h">
      <Filter>PreCompile</Filter>
    </ClInclude>
    <ClInclude Include="GlobalContentsValue.h" />
    <ClInclude Include="TitleLevel.h">
      <Filter>Level</Filter>
    </ClInclude>
    <ClInclude Include="Caution.h">
      <Filter>Actor\Loading</Filter>
    </ClInclude>
    <ClInclude Include="MainBG.h">
      <Filter>Actor\Play</Filter>
    </ClInclude>
    <ClInclude Include="SideBG.h">
      <Filter>Actor\Play</Filter>
    </ClInclude>
    <ClInclude Include="WindowIcon.h">
      <Filter>Actor\Play</Filter>
    </ClInclude>
    <ClInclude Include="Notification.h">
      <Filter>Actor\Play\Line</Filter>
    </ClInclude>
  </ItemGroup>
  <ItemGroup>
    <ClCompile Include="ContentsCore.cpp">
      <Filter>Contents</Filter>
    </ClCompile>
    <ClCompile Include="LoadingLevel.cpp">
      <Filter>Level</Filter>
    </ClCompile>
    <ClCompile Include="PlayLevel.cpp">
      <Filter>Level</Filter>
    </ClCompile>
    <ClCompile Include="TitleLogo.cpp">
      <Filter>Actor\Title</Filter>
    </ClCompile>
    <ClCompile Include="PreCompile.cpp">
      <Filter>PreCompile</Filter>
    </ClCompile>
    <ClCompile Include="GlobalContentsValue.cpp" />
    <ClCompile Include="TitleLevel.cpp">
      <Filter>Level</Filter>
    </ClCompile>
    <ClCompile Include="Caution.cpp">
      <Filter>Actor\Loading</Filter>
    </ClCompile>
    <ClCompile Include="TitleState.cpp">
      <Filter>Actor\Loading</Filter>
    </ClCompile>
    <ClCompile Include="MainBG.cpp">
      <Filter>Actor\Play</Filter>
    </ClCompile>
    <ClCompile Include="SideBG.cpp">
      <Filter>Actor\Play</Filter>
    </ClCompile>
    <ClCompile Include="WindowIcon.cpp">
      <Filter>Actor\Play</Filter>
    </ClCompile>
    <ClCompile Include="Notification.cpp">
      <Filter>Actor\Play\Line</Filter>
    </ClCompile>
  </ItemGroup>
</Project>