<?xml version="1.0" encoding="utf-8"?>
<Project ToolsVersion="4.0" xmlns="http://schemas.microsoft.com/developer/msbuild/2003">
  <ItemGroup>
    <Filter Include="Contents">
      <UniqueIdentifier>{eee3c248-3814-48af-b1f4-f221fa7a0ee6}</UniqueIdentifier>
    </Filter>
    <Filter Include="Level">
      <UniqueIdentifier>{5df23444-ca8f-40f8-8c39-0d7d75f58b7d}</UniqueIdentifier>
    </Filter>
    <Filter Include="Actor">
      <UniqueIdentifier>{a3b1e0f8-0523-4b58-8f93-57039920db56}</UniqueIdentifier>
    </Filter>
    <Filter Include="Global">
      <UniqueIdentifier>{635c7acb-f4a4-4f8b-b02f-b45772517ef5}</UniqueIdentifier>
    </Filter>
    <Filter Include="Actor\Play">
      <UniqueIdentifier>{8436f372-72a0-477a-81eb-62b2bed98e9a}</UniqueIdentifier>
    </Filter>
    <Filter Include="Actor\Title">
      <UniqueIdentifier>{e310e5b2-5a77-4564-bf15-13857844aa87}</UniqueIdentifier>
    </Filter>
    <Filter Include="PreCompile">
      <UniqueIdentifier>{891d634d-8550-43e7-9d8d-c44f56ab4bfb}</UniqueIdentifier>
    </Filter>
    <Filter Include="Actor\Loading">
      <UniqueIdentifier>{ef751b17-2ed7-4ff3-ae63-d4d4c1a4a2b6}</UniqueIdentifier>
    </Filter>
    <Filter Include="Actor\Play\Stream">
      <UniqueIdentifier>{aee5c16c-5e2a-41e5-97ac-209c36ed73da}</UniqueIdentifier>
    </Filter>
    <Filter Include="Actor\Play\Line">
      <UniqueIdentifier>{05cfe7e9-637b-4491-bd56-6a523d74669c}</UniqueIdentifier>
    </Filter>
    <Filter Include="Actor\Play\tweet">
      <UniqueIdentifier>{bc96840d-2c2e-4fde-8106-b3c67b82489c}</UniqueIdentifier>
    </Filter>
    <Filter Include="Actor\Play\WebCam">
      <UniqueIdentifier>{bcec1406-b044-4dcb-b098-72ae6a6b2c11}</UniqueIdentifier>
    </Filter>
    <Filter Include="Actor\Play\TaskManager">
      <UniqueIdentifier>{31dab514-f306-4b83-a5a0-c976c43c5fcd}</UniqueIdentifier>
    </Filter>
    <Filter Include="Actor\Play\Line\Text">
      <UniqueIdentifier>{ff98aa35-e4d5-4715-942c-f6998fc8c5cc}</UniqueIdentifier>
    </Filter>
    <Filter Include="Actor\Window">
      <UniqueIdentifier>{c3014027-a1be-4250-8db2-956f17499ef3}</UniqueIdentifier>
    </Filter>
    <Filter Include="Actor\Window\WindowIcon">
      <UniqueIdentifier>{9b9540dc-4102-4edc-acce-f13f74103c46}</UniqueIdentifier>
    </Filter>
    <Filter Include="Actor\Play\Stream\StreamAnimation">
      <UniqueIdentifier>{a93b36ee-84ba-4adc-bfe0-558486b3f541}</UniqueIdentifier>
    </Filter>
    <Filter Include="Actor\Play\Tooltip">
      <UniqueIdentifier>{f58c6ea5-728e-4a54-bab4-34ef13d7db57}</UniqueIdentifier>
    </Filter>
    <Filter Include="Actor\Play\Line\Notification">
      <UniqueIdentifier>{3da40f01-79f5-463c-9666-f0b9a032c329}</UniqueIdentifier>
    </Filter>
    <Filter Include="Actor\Play\Stream\StreamComment">
      <UniqueIdentifier>{b9a54f02-32b5-4803-915d-78b99deed68c}</UniqueIdentifier>
    </Filter>
    <Filter Include="TextureRenderer">
      <UniqueIdentifier>{f5ea2cfe-d773-4b75-9ac1-64cbe2f487ba}</UniqueIdentifier>
    </Filter>
    <Filter Include="Actor\Window\DayChangeWindow">
      <UniqueIdentifier>{71db6fa7-cecc-4b09-82d6-bfdec58b328c}</UniqueIdentifier>
    </Filter>
    <Filter Include="Actor\Window\WindowIcon\IconWindow">
      <UniqueIdentifier>{26fe970e-9efe-4f90-a58a-af6572ff1e83}</UniqueIdentifier>
    </Filter>
  </ItemGroup>
  <ItemGroup>
    <ClInclude Include="ContentsCore.h">
      <Filter>Contents</Filter>
    </ClInclude>
    <ClInclude Include="Enums.h">
      <Filter>Global</Filter>
    </ClInclude>
    <ClInclude Include="LoadingLevel.h">
      <Filter>Level</Filter>
    </ClInclude>
    <ClInclude Include="PlayLevel.h">
      <Filter>Level</Filter>
    </ClInclude>
    <ClInclude Include="TitleLogo.h">
      <Filter>Actor\Title</Filter>
    </ClInclude>
    <ClInclude Include="PreCompile.h">
      <Filter>PreCompile</Filter>
    </ClInclude>
    <ClInclude Include="GlobalContentsValue.h" />
    <ClInclude Include="TitleLevel.h">
      <Filter>Level</Filter>
    </ClInclude>
    <ClInclude Include="Caution.h">
      <Filter>Actor\Loading</Filter>
    </ClInclude>
    <ClInclude Include="MainBG.h">
      <Filter>Actor\Play</Filter>
    </ClInclude>
    <ClInclude Include="SideBG.h">
      <Filter>Actor\Play</Filter>
    </ClInclude>
    <ClInclude Include="LineMain.h">
      <Filter>Actor\Play\Line</Filter>
    </ClInclude>
    <ClInclude Include="WebCamWindow.h">
      <Filter>Actor\Play\WebCam</Filter>
    </ClInclude>
    <ClInclude Include="TaskManager.h">
      <Filter>Actor\Play\TaskManager</Filter>
    </ClInclude>
    <ClInclude Include="LineDate.h">
      <Filter>Actor\Play\Line\Text</Filter>
    </ClInclude>
    <ClInclude Include="Bar.h">
      <Filter>Actor\Play\TaskManager</Filter>
    </ClInclude>
    <ClInclude Include="DefaultSetTex.h">
      <Filter>Actor\Window\WindowIcon</Filter>
    </ClInclude>
    <ClInclude Include="WindowIcon.h">
      <Filter>Actor\Window\WindowIcon</Filter>
    </ClInclude>
    <ClInclude Include="Mouse.h">
      <Filter>Global</Filter>
    </ClInclude>
    <ClInclude Include="LineText.h">
      <Filter>Actor\Play\Line\Text</Filter>
    </ClInclude>
    <ClInclude Include="Change.h">
      <Filter>Actor\Play\Stream</Filter>
    </ClInclude>
    <ClInclude Include="Stream.h">
      <Filter>Actor\Play\Stream</Filter>
    </ClInclude>
    <ClInclude Include="StreamAnimation.h">
      <Filter>Actor\Play\Stream\StreamAnimation</Filter>
    </ClInclude>
    <ClInclude Include="Myfont.h">
      <Filter>Actor\Window\WindowIcon</Filter>
    </ClInclude>
    <ClInclude Include="ToolTip.h">
      <Filter>Actor\Play\Tooltip</Filter>
    </ClInclude>
    <ClInclude Include="Notification.h">
      <Filter>Actor\Play\Line\Notification</Filter>
    </ClInclude>
    <ClInclude Include="NotificationText.h">
      <Filter>Actor\Play\Line\Notification</Filter>
    </ClInclude>
    <ClInclude Include="TutorialLogin.h">
      <Filter>Actor\Play\Tooltip</Filter>
    </ClInclude>
    <ClInclude Include="ToolTipText.h">
      <Filter>Actor\Play\Tooltip</Filter>
    </ClInclude>
    <ClInclude Include="Comment.h">
      <Filter>Actor\Play\Stream\StreamComment</Filter>
    </ClInclude>
    <ClInclude Include="MyTextureRenderer.h">
      <Filter>TextureRenderer</Filter>
    </ClInclude>
    <ClInclude Include="CommentTextureRenderer.h">
      <Filter>TextureRenderer</Filter>
    </ClInclude>
    <ClInclude Include="Twitter.h">
      <Filter>Actor\Play\tweet</Filter>
    </ClInclude>
    <ClInclude Include="TweetComment.h">
      <Filter>Actor\Play\tweet</Filter>
    </ClInclude>
    <ClInclude Include="DayChangeWindow.h">
      <Filter>Actor\Window\DayChangeWindow</Filter>
    </ClInclude>
    <ClInclude Include="TestLevel.h">
      <Filter>Level</Filter>
    </ClInclude>
    <ClInclude Include="Asobu.h">
      <Filter>Actor\Window\WindowIcon\IconWindow</Filter>
    </ClInclude>
  </ItemGroup>
  <ItemGroup>
    <ClCompile Include="ContentsCore.cpp">
      <Filter>Contents</Filter>
    </ClCompile>
    <ClCompile Include="LoadingLevel.cpp">
      <Filter>Level</Filter>
    </ClCompile>
    <ClCompile Include="PlayLevel.cpp">
      <Filter>Level</Filter>
    </ClCompile>
    <ClCompile Include="TitleLogo.cpp">
      <Filter>Actor\Title</Filter>
    </ClCompile>
    <ClCompile Include="PreCompile.cpp">
      <Filter>PreCompile</Filter>
    </ClCompile>
    <ClCompile Include="GlobalContentsValue.cpp" />
    <ClCompile Include="TitleLevel.cpp">
      <Filter>Level</Filter>
    </ClCompile>
    <ClCompile Include="Caution.cpp">
      <Filter>Actor\Loading</Filter>
    </ClCompile>
    <ClCompile Include="TitleState.cpp">
      <Filter>Actor\Loading</Filter>
    </ClCompile>
    <ClCompile Include="MainBG.cpp">
      <Filter>Actor\Play</Filter>
    </ClCompile>
    <ClCompile Include="SideBG.cpp">
      <Filter>Actor\Play</Filter>
    </ClCompile>
    <ClCompile Include="LineMain.cpp">
      <Filter>Actor\Play\Line</Filter>
    </ClCompile>
    <ClCompile Include="WebCamWindow.cpp">
      <Filter>Actor\Play\WebCam</Filter>
    </ClCompile>
    <ClCompile Include="TaskManager.cpp">
      <Filter>Actor\Play\TaskManager</Filter>
    </ClCompile>
    <ClCompile Include="LineDate.cpp">
      <Filter>Actor\Play\Line\Text</Filter>
    </ClCompile>
    <ClCompile Include="Bar.cpp">
      <Filter>Actor\Play\TaskManager</Filter>
    </ClCompile>
    <ClCompile Include="DefaultSetTex.cpp">
      <Filter>Actor\Window\WindowIcon</Filter>
    </ClCompile>
    <ClCompile Include="WindowIcon.cpp">
      <Filter>Actor\Window\WindowIcon</Filter>
    </ClCompile>
    <ClCompile Include="Mouse.cpp">
      <Filter>Global</Filter>
    </ClCompile>
    <ClCompile Include="LineText.cpp">
      <Filter>Actor\Play\Line\Text</Filter>
    </ClCompile>
    <ClCompile Include="Change.cpp">
      <Filter>Actor\Play\Stream</Filter>
    </ClCompile>
    <ClCompile Include="Stream.cpp">
      <Filter>Actor\Play\Stream</Filter>
    </ClCompile>
    <ClCompile Include="StreamAnimation.cpp">
      <Filter>Actor\Play\Stream\StreamAnimation</Filter>
    </ClCompile>
    <ClCompile Include="AnimationUpdate.cpp">
      <Filter>Actor\Play\Stream\StreamAnimation</Filter>
    </ClCompile>
    <ClCompile Include="Myfont.cpp">
      <Filter>Actor\Window\WindowIcon</Filter>
    </ClCompile>
    <ClCompile Include="ToolTip.cpp">
      <Filter>Actor\Play\Tooltip</Filter>
    </ClCompile>
    <ClCompile Include="Notification.cpp">
      <Filter>Actor\Play\Line\Notification</Filter>
    </ClCompile>
    <ClCompile Include="NotificationText.cpp">
      <Filter>Actor\Play\Line\Notification</Filter>
    </ClCompile>
    <ClCompile Include="TutorialLogin.cpp">
      <Filter>Actor\Play\Tooltip</Filter>
    </ClCompile>
    <ClCompile Include="ToolTipText.cpp">
      <Filter>Actor\Play\Tooltip</Filter>
    </ClCompile>
    <ClCompile Include="Comment.cpp">
      <Filter>Actor\Play\Stream\StreamComment</Filter>
    </ClCompile>
    <ClCompile Include="MyTextureRenderer.cpp">
      <Filter>TextureRenderer</Filter>
    </ClCompile>
    <ClCompile Include="CommentTextureRenderer.cpp">
      <Filter>TextureRenderer</Filter>
    </ClCompile>
    <ClCompile Include="Twitter.cpp">
      <Filter>Actor\Play\tweet</Filter>
    </ClCompile>
    <ClCompile Include="TweetComment.cpp">
      <Filter>Actor\Play\tweet</Filter>
    </ClCompile>
    <ClCompile Include="LineEmoticon.cpp">
      <Filter>Actor\Play\Line\Text</Filter>
    </ClCompile>
    <ClCompile Include="DayChangeWindow.cpp">
      <Filter>Actor\Window\DayChangeWindow</Filter>
    </ClCompile>
    <ClCompile Include="TestLevel.cpp">
      <Filter>Level</Filter>
    </ClCompile>
    <ClCompile Include="Hitokoto.cpp">
      <Filter>Actor\Play\TaskManager</Filter>
    </ClCompile>
    <ClCompile Include="Asobu.cpp">
      <Filter>Actor\Window\WindowIcon\IconWindow</Filter>
    </ClCompile>
  </ItemGroup>
</Project>